
Microsoft Visual Studio Solution File, Format Version 12.00
# Visual Studio Version 16
VisualStudioVersion = 16.0.29418.71
MinimumVisualStudioVersion = 10.0.40219.1
Project("{FAE04EC0-301F-11D3-BF4B-00C04F79EFBC}") = "SolarSystem", "SolarSystem\SolarSystem.csproj", "{4761E302-A677-44AB-AFBA-D461ECEB033B}"
EndProject
Global
	GlobalSection(SolutionConfigurationPlatforms) = preSolution
		Debug|Any CPU = Debug|Any CPU
		Release|Any CPU = Release|Any CPU
	EndGlobalSection
	GlobalSection(ProjectConfigurationPlatforms) = postSolution
		{4761E302-A677-44AB-AFBA-D461ECEB033B}.Debug|Any CPU.ActiveCfg = Debug|Any CPU
		{4761E302-A677-44AB-AFBA-D461ECEB033B}.Debug|Any CPU.Build.0 = Debug|Any CPU
		{4761E302-A677-44AB-AFBA-D461ECEB033B}.Release|Any CPU.ActiveCfg = Release|Any CPU
		{4761E302-A677-44AB-AFBA-D461ECEB033B}.Release|Any CPU.Build.0 = Release|Any CPU
	EndGlobalSection
	GlobalSection(SolutionProperties) = preSolution
		HideSolutionNode = FALSE
	EndGlobalSection
	GlobalSection(ExtensibilityGlobals) = postSolution
		SolutionGuid = {EC8EF8D1-92FA-4B1B-BDC1-6FAC5588A377}
	EndGlobalSection
EndGlobal
